
Microsoft Visual Studio Solution File, Format Version 12.00
# Visual Studio Version 17
VisualStudioVersion = 17.14.36310.24 d17.14
MinimumVisualStudioVersion = 10.0.40219.1
Project("{8BC9CEB8-8B4A-11D0-8D11-00A0C91BC942}") = "permide symmetry", "permide symmetry\permide symmetry.vcxproj", "{7D6B5F69-31A1-4DCA-9A75-D7320E4D6B39}"
EndProject
Global
	GlobalSection(SolutionConfigurationPlatforms) = preSolution
		Debug|x64 = Debug|x64
		Debug|x86 = Debug|x86
		Release|x64 = Release|x64
		Release|x86 = Release|x86
	EndGlobalSection
	GlobalSection(ProjectConfigurationPlatforms) = postSolution
		{7D6B5F69-31A1-4DCA-9A75-D7320E4D6B39}.Debug|x64.ActiveCfg = Debug|x64
		{7D6B5F69-31A1-4DCA-9A75-D7320E4D6B39}.Debug|x64.Build.0 = Debug|x64
		{7D6B5F69-31A1-4DCA-9A75-D7320E4D6B39}.Debug|x86.ActiveCfg = Debug|Win32
		{7D6B5F69-31A1-4DCA-9A75-D7320E4D6B39}.Debug|x86.Build.0 = Debug|Win32
		{7D6B5F69-31A1-4DCA-9A75-D7320E4D6B39}.Release|x64.ActiveCfg = Release|x64
		{7D6B5F69-31A1-4DCA-9A75-D7320E4D6B39}.Release|x64.Build.0 = Release|x64
		{7D6B5F69-31A1-4DCA-9A75-D7320E4D6B39}.Release|x86.ActiveCfg = Release|Win32
		{7D6B5F69-31A1-4DCA-9A75-D7320E4D6B39}.Release|x86.Build.0 = Release|Win32
	EndGlobalSection
	GlobalSection(SolutionProperties) = preSolution
		HideSolutionNode = FALSE
	EndGlobalSection
	GlobalSection(ExtensibilityGlobals) = postSolution
		SolutionGuid = {E2021575-8C54-4A6B-907E-31589437109F}
	EndGlobalSection
EndGlobal
